<?xml version="1.0" encoding="utf-8"?>
<Project ToolsVersion="4.0" xmlns="http://schemas.microsoft.com/developer/msbuild/2003">
  <ItemGroup>
    <Filter Include="Main">
      <UniqueIdentifier>{387e8cad-073b-499e-924d-aa42b2c786b8}</UniqueIdentifier>
    </Filter>
    <Filter Include="Libraries">
      <UniqueIdentifier>{ba75fb05-9f36-4938-a365-eb1808b9d809}</UniqueIdentifier>
    </Filter>
    <Filter Include="Classes">
      <UniqueIdentifier>{04a78d7a-908e-466a-8ecd-b9217fae1010}</UniqueIdentifier>
    </Filter>
  </ItemGroup>
  <ItemGroup>
    <ClCompile Include="main.cpp">
      <Filter>Main</Filter>
    </ClCompile>
  </ItemGroup>
  <ItemGroup>
    <ClInclude Include="libs.h">
      <Filter>Libraries</Filter>
    </ClInclude>
    <ClInclude Include="classes.h">
      <Filter>Classes</Filter>
    </ClInclude>
  </ItemGroup>
</Project>